
Microsoft Visual Studio Solution File, Format Version 12.00
# Visual Studio 15
VisualStudioVersion = 15.0.28307.136
MinimumVisualStudioVersion = 10.0.40219.1
Project("{FAE04EC0-301F-11D3-BF4B-00C04F79EFBC}") = "switchUsercontrol", "switchUsercontrol\switchUsercontrol.csproj", "{542DCC30-0BFF-45CF-AECA-602BD8EE2738}"
EndProject
Global
	GlobalSection(SolutionConfigurationPlatforms) = preSolution
		Debug|Any CPU = Debug|Any CPU
		Release|Any CPU = Release|Any CPU
	EndGlobalSection
	GlobalSection(ProjectConfigurationPlatforms) = postSolution
		{542DCC30-0BFF-45CF-AECA-602BD8EE2738}.Debug|Any CPU.ActiveCfg = Debug|Any CPU
		{542DCC30-0BFF-45CF-AECA-602BD8EE2738}.Debug|Any CPU.Build.0 = Debug|Any CPU
		{542DCC30-0BFF-45CF-AECA-602BD8EE2738}.Release|Any CPU.ActiveCfg = Release|Any CPU
		{542DCC30-0BFF-45CF-AECA-602BD8EE2738}.Release|Any CPU.Build.0 = Release|Any CPU
	EndGlobalSection
	GlobalSection(SolutionProperties) = preSolution
		HideSolutionNode = FALSE
	EndGlobalSection
	GlobalSection(ExtensibilityGlobals) = postSolution
		SolutionGuid = {EE3276E0-E84E-4628-8F17-AD48B8EE8AC2}
	EndGlobalSection
EndGlobal
